
Microsoft Visual Studio Solution File, Format Version 12.00
# Visual Studio Version 17
VisualStudioVersion = 17.7.34221.43
MinimumVisualStudioVersion = 10.0.40219.1
Project("{9A19103F-16F7-4668-BE54-9A1E7A4F7556}") = "BlackKnight", "NaamGaatNogKomen\BlackKnight.csproj", "{D82F364B-76C0-4976-ADAD-50FE638A6BD3}"
EndProject
Global
	GlobalSection(SolutionConfigurationPlatforms) = preSolution
		Debug|Any CPU = Debug|Any CPU
		Release|Any CPU = Release|Any CPU
	EndGlobalSection
	GlobalSection(ProjectConfigurationPlatforms) = postSolution
		{D82F364B-76C0-4976-ADAD-50FE638A6BD3}.Debug|Any CPU.ActiveCfg = Debug|Any CPU
		{D82F364B-76C0-4976-ADAD-50FE638A6BD3}.Debug|Any CPU.Build.0 = Debug|Any CPU
		{D82F364B-76C0-4976-ADAD-50FE638A6BD3}.Release|Any CPU.ActiveCfg = Release|Any CPU
		{D82F364B-76C0-4976-ADAD-50FE638A6BD3}.Release|Any CPU.Build.0 = Release|Any CPU
	EndGlobalSection
	GlobalSection(SolutionProperties) = preSolution
		HideSolutionNode = FALSE
	EndGlobalSection
	GlobalSection(ExtensibilityGlobals) = postSolution
		SolutionGuid = {1B5AEF38-5595-44CF-AB9D-FD6CA5A0D393}
	EndGlobalSection
EndGlobal
